cloud.google.com/go/compute/metadata v0.3.0 h1:Tz+eQXMEqDIKRsmY3cHTL6FVaynIjX2QxYC4trgAKZc=
cloud.google.com/go/compute/metadata v0.3.0/go.mod h1:zFmK7XCadkQkj6TtorcaGlCW1hT1fIilQDwofLpJ20k=
github.com/ravener/discord-oauth2 v0.0.0-20230514095040-ae65713199b3 h1:x3LgcvujjG+mx8PUMfPmwn3tcu2aA95uCB6ilGGObWk=
github.com/ravener/discord-oauth2 v0.0.0-20230514095040-ae65713199b3/go.mod h1:P/mZMYLZ87lqRSECEWsOqywGrO1hlZkk9RTwEw35IP4=
golang.org/x/oauth2 v0.37.0 h1:JUlcxA8oAtauLfiH8FX2/FkAWHAdi0QtGCGc+hofE98=
golang.org/x/oauth2 v0.37.0/go.mod h1:IxwZNxUULJmpBFf9K/9NTMSIfZZuvuTy1gGxhigP/58=
